{
    "_meta": {
        "hash": {
            "sha256": "3a47285d1e2ae3429cac649bcf2f7339c3fcb73931642ced39b5a69ef8b1dab6"
        },
        "pipfile-spec": 6,
        "requires": {
            "python_version": "3.9"
        },
        "sources": [
            {
                "name": "pypi",
                "url": "https://pypi.org/simple",
                "verify_ssl": true
            }
        ]
    },
    "default": {
        "certifi": {
            "hashes": [
                "sha256:78884e7c1d4b00ce3cea67b44566851c4343c120abd683433ce934a68ea58872",
                "sha256:d62a0163eb4c2344ac042ab2bdf75399a71a2d8c7d47eac2e2ee91b9d6339569"
            ],
            "version": "==2021.10.8"
        },
        "cffi": {
            "hashes": [
                "sha256:00c878c90cb53ccfaae6b8bc18ad05d2036553e6d9d1d9dbcf323bbe83854ca3",
                "sha256:0104fb5ae2391d46a4cb082abdd5c69ea4eab79d8d44eaaf79f1b1fd806ee4c2",
                "sha256:06c48159c1abed75c2e721b1715c379fa3200c7784271b3c46df01383b593636",
                "sha256:0808014eb713677ec1292301ea4c81ad277b6cdf2fdd90fd540af98c0b101d20",
                "sha256:10dffb601ccfb65262a27233ac273d552ddc4d8ae1bf93b21c94b8511bffe728",
                "sha256:14cd121ea63ecdae71efa69c15c5543a4b5fbcd0bbe2aad864baca0063cecf27",
                "sha256:17771976e82e9f94976180f76468546834d22a7cc404b17c22df2a2c81db0c66",
                "sha256:181dee03b1170ff1969489acf1c26533710231c58f95534e3edac87fff06c443",
                "sha256:23cfe892bd5dd8941608f93348c0737e369e51c100d03718f108bf1add7bd6d0",
                "sha256:263cc3d821c4ab2213cbe8cd8b355a7f72a8324577dc865ef98487c1aeee2bc7",
                "sha256:2756c88cbb94231c7a147402476be2c4df2f6078099a6f4a480d239a8817ae39",
                "sha256:27c219baf94952ae9d50ec19651a687b826792055353d07648a5695413e0c605",
                "sha256:2a23af14f408d53d5e6cd4e3d9a24ff9e05906ad574822a10563efcef137979a",
                "sha256:31fb708d9d7c3f49a60f04cf5b119aeefe5644daba1cd2a0fe389b674fd1de37",
                "sha256:3415c89f9204ee60cd09b235810be700e993e343a408693e80ce7f6a40108029",
                "sha256:3773c4d81e6e818df2efbc7dd77325ca0dcb688116050fb2b3011218eda36139",
                "sha256:3b96a311ac60a3f6be21d2572e46ce67f09abcf4d09344c49274eb9e0bf345fc",
                "sha256:3f7d084648d77af029acb79a0ff49a0ad7e9d09057a9bf46596dac9514dc07df",
                "sha256:41d45de54cd277a7878919867c0f08b0cf817605e4eb94093e7516505d3c8d14",
                "sha256:4238e6dab5d6a8ba812de994bbb0a79bddbdf80994e4ce802b6f6f3142fcc880",
                "sha256:45db3a33139e9c8f7c09234b5784a5e33d31fd6907800b316decad50af323ff2",
                "sha256:45e8636704eacc432a206ac7345a5d3d2c62d95a507ec70d62f23cd91770482a",
                "sha256:4958391dbd6249d7ad855b9ca88fae690783a6be9e86df65865058ed81fc860e",
                "sha256:4a306fa632e8f0928956a41fa8e1d6243c71e7eb59ffbd165fc0b41e316b2474",
                "sha256:57e9ac9ccc3101fac9d6014fba037473e4358ef4e89f8e181f8951a2c0162024",
                "sha256:59888172256cac5629e60e72e86598027aca6bf01fa2465bdb676d37636573e8",
                "sha256:5e069f72d497312b24fcc02073d70cb989045d1c91cbd53979366077959933e0",
                "sha256:64d4ec9f448dfe041705426000cc13e34e6e5bb13736e9fd62e34a0b0c41566e",
                "sha256:6dc2737a3674b3e344847c8686cf29e500584ccad76204efea14f451d4cc669a",
                "sha256:74fdfdbfdc48d3f47148976f49fab3251e550a8720bebc99bf1483f5bfb5db3e",
                "sha256:75e4024375654472cc27e91cbe9eaa08567f7fbdf822638be2814ce059f58032",
                "sha256:786902fb9ba7433aae840e0ed609f45c7bcd4e225ebb9c753aa39725bb3e6ad6",
                "sha256:8b6c2ea03845c9f501ed1313e78de148cd3f6cad741a75d43a29b43da27f2e1e",
                "sha256:91d77d2a782be4274da750752bb1650a97bfd8f291022b379bb8e01c66b4e96b",
                "sha256:91ec59c33514b7c7559a6acda53bbfe1b283949c34fe7440bcf917f96ac0723e",
                "sha256:920f0d66a896c2d99f0adbb391f990a84091179542c205fa53ce5787aff87954",
                "sha256:a5263e363c27b653a90078143adb3d076c1a748ec9ecc78ea2fb916f9b861962",
                "sha256:abb9a20a72ac4e0fdb50dae135ba5e77880518e742077ced47eb1499e29a443c",
                "sha256:c2051981a968d7de9dd2d7b87bcb9c939c74a34626a6e2f8181455dd49ed69e4",
                "sha256:c21c9e3896c23007803a875460fb786118f0cdd4434359577ea25eb556e34c55",
                "sha256:c2502a1a03b6312837279c8c1bd3ebedf6c12c4228ddbad40912d671ccc8a962",
                "sha256:d4d692a89c5cf08a8557fdeb329b82e7bf609aadfaed6c0d79f5a449a3c7c023",
                "sha256:da5db4e883f1ce37f55c667e5c0de439df76ac4cb55964655906306918e7363c",
                "sha256:e7022a66d9b55e93e1a845d8c9eba2a1bebd4966cd8bfc25d9cd07d515b33fa6",
                "sha256:ef1f279350da2c586a69d32fc8733092fd32cc8ac95139a00377841f59a3f8d8",
                "sha256:f54a64f8b0c8ff0b64d18aa76675262e1700f3995182267998c31ae974fbc382",
                "sha256:f5c7150ad32ba43a07c4479f40241756145a1f03b43480e058cfd862bf5041c7",
                "sha256:f6f824dc3bce0edab5f427efcfb1d63ee75b6fcb7282900ccaf925be84efb0fc",
                "sha256:fd8a250edc26254fe5b33be00402e6d287f562b6a5b2152dec302fa15bb3e997",
                "sha256:ffaa5c925128e29efbde7301d8ecaf35c8c60ffbcd6a1ffd3a552177c8e5e796"
            ],
            "version": "==1.15.0"
        },
        "charset-normalizer": {
            "hashes": [
                "sha256:2857e29ff0d34db842cd7ca3230549d1a697f96ee6d3fb071cfa6c7393832597",
                "sha256:6881edbebdb17b39b4eaaa821b438bf6eddffb4468cf344f09f89def34a8b1df"
            ],
            "markers": "python_version >= '3'",
            "version": "==2.0.12"
        },
        "cryptography": {
            "hashes": [
                "sha256:0a817b961b46894c5ca8a66b599c745b9a3d9f822725221f0e0fe49dc043a3a3",
                "sha256:2d87cdcb378d3cfed944dac30596da1968f88fb96d7fc34fdae30a99054b2e31",
                "sha256:30ee1eb3ebe1644d1c3f183d115a8c04e4e603ed6ce8e394ed39eea4a98469ac",
                "sha256:391432971a66cfaf94b21c24ab465a4cc3e8bf4a939c1ca5c3e3a6e0abebdbcf",
                "sha256:39bdf8e70eee6b1c7b289ec6e5d84d49a6bfa11f8b8646b5b3dfe41219153316",
                "sha256:4caa4b893d8fad33cf1964d3e51842cd78ba87401ab1d2e44556826df849a8ca",
                "sha256:53e5c1dc3d7a953de055d77bef2ff607ceef7a2aac0353b5d630ab67f7423638",
                "sha256:596f3cd67e1b950bc372c33f1a28a0692080625592ea6392987dba7f09f17a94",
                "sha256:5d59a9d55027a8b88fd9fd2826c4392bd487d74bf628bb9d39beecc62a644c12",
                "sha256:6c0c021f35b421ebf5976abf2daacc47e235f8b6082d3396a2fe3ccd537ab173",
                "sha256:73bc2d3f2444bcfeac67dd130ff2ea598ea5f20b40e36d19821b4df8c9c5037b",
                "sha256:74d6c7e80609c0f4c2434b97b80c7f8fdfaa072ca4baab7e239a15d6d70ed73a",
                "sha256:7be0eec337359c155df191d6ae00a5e8bbb63933883f4f5dffc439dac5348c3f",
                "sha256:94ae132f0e40fe48f310bba63f477f14a43116f05ddb69d6fa31e93f05848ae2",
                "sha256:bb5829d027ff82aa872d76158919045a7c1e91fbf241aec32cb07956e9ebd3c9",
                "sha256:ca238ceb7ba0bdf6ce88c1b74a87bffcee5afbfa1e41e173b1ceb095b39add46",
                "sha256:ca28641954f767f9822c24e927ad894d45d5a1e501767599647259cbf030b903",
                "sha256:e0344c14c9cb89e76eb6a060e67980c9e35b3f36691e15e1b7a9e58a0a6c6dc3",
                "sha256:ebc15b1c22e55c4d5566e3ca4db8689470a0ca2babef8e3a9ee057a8b82ce4b1",
                "sha256:ec63da4e7e4a5f924b90af42eddf20b698a70e58d86a72d943857c4c6045b3ee"
            ],
            "markers": "python_version >= '3.6'",
            "version": "==36.0.1"
        },
        "dill": {
            "hashes": [
                "sha256:7e40e4a70304fd9ceab3535d36e58791d9c4a776b38ec7f7ec9afc8d3dca4d4f",
                "sha256:9f9734205146b2b353ab3fec9af0070237b6ddae78452af83d2fca84d739e675"
            ],
            "markers": "python_version >= '2.7' and python_version != '3.0'",
            "version": "==0.3.4"
        },
        "idna": {
            "hashes": [
                "sha256:84d9dd047ffa80596e0f246e2eab0b391788b0503584e8945f2368256d2735ff",
                "sha256:9d643ff0a55b762d5cdb124b8eaa99c66322e2157b69160bc32796e824360e6d"
            ],
            "markers": "python_version >= '3'",
            "version": "==3.3"
        },
        "mpmath": {
            "hashes": [
                "sha256:604bc21bd22d2322a177c73bdb573994ef76e62edd595d17e00aff24b0667e5c",
                "sha256:79ffb45cf9f4b101a807595bcb3e72e0396202e0b1d25d689134b48c4216a81a"
            ],
            "version": "==1.2.1"
        },
        "ntlm-auth": {
            "hashes": [
                "sha256:c9667d361dc09f6b3750283d503c689070ff7d89f2f6ff0d38088d5436ff8543",
                "sha256:f1527c581dbf149349134fc2d789d50af2a400e193206956fa0ab456ccc5a8ba"
            ],
            "markers": "python_version >= '2.6' and python_version not in '3.0, 3.1, 3.2, 3.3'",
            "version": "==1.5.0"
        },
        "numpy": {
            "hashes": [
                "sha256:03ae5850619abb34a879d5f2d4bb4dcd025d6d8fb72f5e461dae84edccfe129f",
                "sha256:076aee5a3763d41da6bef9565fdf3cb987606f567cd8b104aded2b38b7b47abf",
                "sha256:0b536b6840e84c1c6a410f3a5aa727821e6108f3454d81a5cd5900999ef04f89",
                "sha256:15efb7b93806d438e3bc590ca8ef2f953b0ce4f86f337ef4559d31ec6cf9d7dd",
                "sha256:168259b1b184aa83a514f307352c25c56af111c269ffc109d9704e81f72e764b",
                "sha256:2638389562bda1635b564490d76713695ff497242a83d9b684d27bb4a6cc9d7a",
                "sha256:3556c5550de40027d3121ebbb170f61bbe19eb639c7ad0c7b482cd9b560cd23b",
                "sha256:4a176959b6e7e00b5a0d6f549a479f869829bfd8150282c590deee6d099bbb6e",
                "sha256:515a8b6edbb904594685da6e176ac9fbea8f73a5ebae947281de6613e27f1956",
                "sha256:55535c7c2f61e2b2fc817c5cbe1af7cb907c7f011e46ae0a52caa4be1f19afe2",
                "sha256:59153979d60f5bfe9e4c00e401e24dfe0469ef8da6d68247439d3278f30a180f",
                "sha256:60cb8e5933193a3cc2912ee29ca331e9c15b2da034f76159b7abc520b3d1233a",
                "sha256:6767ad399e9327bfdbaa40871be4254d1995f4a3ca3806127f10cec778bd9896",
                "sha256:76a4f9bce0278becc2da7da3b8ef854bed41a991f4226911a24a9711baad672c",
                "sha256:8cf33634b60c9cef346663a222d9841d3bbbc0a2f00221d6bcfd0d993d5543f6",
                "sha256:94dd11d9f13ea1be17bac39c1942f527cbf7065f94953cf62dfe805653da2f8f",
                "sha256:aafa46b5a39a27aca566198d3312fb3bde95ce9677085efd02c86f7ef6be4ec7",
                "sha256:badca914580eb46385e7f7e4e426fea6de0a37b9e06bec252e481ae7ec287082",
                "sha256:d76a26c5118c4d96e264acc9e3242d72e1a2b92e739807b3b69d8d47684b6677"
            ],
            "markers": "python_version >= '3.8'",
            "version": "==1.22.2"
        },
        "pbr": {
            "hashes": [
                "sha256:27108648368782d07bbf1cb468ad2e2eeef29086affd14087a6d04b7de8af4ec",
                "sha256:66bc5a34912f408bb3925bf21231cb6f59206267b7f63f3503ef865c1a292e25"
            ],
            "markers": "python_version >= '2.6'",
            "version": "==5.8.1"
        },
        "ply": {
            "hashes": [
                "sha256:00c7c1aaa88358b9c765b6d3000c6eec0ba42abca5351b095321aef446081da3",
                "sha256:096f9b8350b65ebd2fd1346b12452efe5b9607f7482813ffca50c22722a807ce"
            ],
            "version": "==3.11"
        },
        "psutil": {
            "hashes": [
                "sha256:072664401ae6e7c1bfb878c65d7282d4b4391f1bc9a56d5e03b5a490403271b5",
                "sha256:1070a9b287846a21a5d572d6dddd369517510b68710fca56b0e9e02fd24bed9a",
                "sha256:1d7b433519b9a38192dfda962dd8f44446668c009833e1429a52424624f408b4",
                "sha256:3151a58f0fbd8942ba94f7c31c7e6b310d2989f4da74fcbf28b934374e9bf841",
                "sha256:32acf55cb9a8cbfb29167cd005951df81b567099295291bcfd1027365b36591d",
                "sha256:3611e87eea393f779a35b192b46a164b1d01167c9d323dda9b1e527ea69d697d",
                "sha256:3d00a664e31921009a84367266b35ba0aac04a2a6cad09c550a89041034d19a0",
                "sha256:4e2fb92e3aeae3ec3b7b66c528981fd327fb93fd906a77215200404444ec1845",
                "sha256:539e429da49c5d27d5a58e3563886057f8fc3868a5547b4f1876d9c0f007bccf",
                "sha256:55ce319452e3d139e25d6c3f85a1acf12d1607ddedea5e35fb47a552c051161b",
                "sha256:58c7d923dc209225600aec73aa2c4ae8ea33b1ab31bc11ef8a5933b027476f07",
                "sha256:7336292a13a80eb93c21f36bde4328aa748a04b68c13d01dfddd67fc13fd0618",
                "sha256:742c34fff804f34f62659279ed5c5b723bb0195e9d7bd9907591de9f8f6558e2",
                "sha256:7641300de73e4909e5d148e90cc3142fb890079e1525a840cf0dfd39195239fd",
                "sha256:76cebf84aac1d6da5b63df11fe0d377b46b7b500d892284068bacccf12f20666",
                "sha256:7779be4025c540d1d65a2de3f30caeacc49ae7a2152108adeaf42c7534a115ce",
                "sha256:7d190ee2eaef7831163f254dc58f6d2e2a22e27382b936aab51c835fc080c3d3",
                "sha256:8293942e4ce0c5689821f65ce6522ce4786d02af57f13c0195b40e1edb1db61d",
                "sha256:869842dbd66bb80c3217158e629d6fceaecc3a3166d3d1faee515b05dd26ca25",
                "sha256:90a58b9fcae2dbfe4ba852b57bd4a1dded6b990a33d6428c7614b7d48eccb492",
                "sha256:9b51917c1af3fa35a3f2dabd7ba96a2a4f19df3dec911da73875e1edaf22a40b",
                "sha256:b2237f35c4bbae932ee98902a08050a27821f8f6dfa880a47195e5993af4702d",
                "sha256:c3400cae15bdb449d518545cbd5b649117de54e3596ded84aacabfbb3297ead2",
                "sha256:c51f1af02334e4b516ec221ee26b8fdf105032418ca5a5ab9737e8c87dafe203",
                "sha256:cb8d10461c1ceee0c25a64f2dd54872b70b89c26419e147a05a10b753ad36ec2",
                "sha256:d62a2796e08dd024b8179bd441cb714e0f81226c352c802fca0fd3f89eeacd94",
                "sha256:df2c8bd48fb83a8408c8390b143c6a6fa10cb1a674ca664954de193fdcab36a9",
                "sha256:e5c783d0b1ad6ca8a5d3e7b680468c9c926b804be83a3a8e95141b05c39c9f64",
                "sha256:e9805fed4f2a81de98ae5fe38b75a74c6e6ad2df8a5c479594c7629a1fe35f56",
                "sha256:ea42d747c5f71b5ccaa6897b216a7dadb9f52c72a0fe2b872ef7d3e1eacf3ba3",
                "sha256:ef216cc9feb60634bda2f341a9559ac594e2eeaadd0ba187a4c2eb5b5d40b91c",
                "sha256:ff0d41f8b3e9ebb6b6110057e40019a432e96aae2008951121ba4e56040b84f3"
            ],
            "markers": "python_version >= '2.6' and python_version not in '3.0, 3.1, 3.2, 3.3'",
            "version": "==5.9.0"
        },
        "pycparser": {
            "hashes": [
                "sha256:8ee45429555515e1f6b185e78100aea234072576aa43ab53aefcae078162fca9",
                "sha256:e644fdec12f7872f86c58ff790da456218b10f863970249516d60a5eaca77206"
            ],
            "version": "==2.21"
        },
        "python-constraint": {
            "hashes": [
                "sha256:501d6f17afe0032dfc6ea6c0f8acc12e44f992733f00e8538961031ef27ccb8e"
            ],
            "version": "==1.4.0"
        },
        "python-dateutil": {
            "hashes": [
                "sha256:0123cacc1627ae19ddf3c27a5de5bd67ee4586fbdd6440d9748f8abb483d3e86",
                "sha256:961d03dc3453ebbc59dbdea9e4e11c5651520a876d0f4db161e8674aae935da9"
            ],
            "markers": "python_version >= '2.7' and python_version not in '3.0, 3.1, 3.2'",
            "version": "==2.8.2"
        },
        "qiskit": {
            "hashes": [
                "sha256:bfdc7cd1f037980b9e5c4ec813210a58b5362fac268d0c7544c79f9fd2115062"
            ],
            "index": "pypi",
            "version": "==0.34.1"
        },
        "qiskit-aer": {
            "hashes": [
                "sha256:033d6fbef687d48f2e8eef922c1496a017ad8a9673d266eca120b5774e61c1e4",
                "sha256:0340b859ee3efe8e5895a2a0f1830f8aa88dbb35b91515cc9127d953a2da0a22",
                "sha256:1346f7b061fb23fe6ac8302d634344c1af86bd60c83a13fcc00d1f2267a85799",
                "sha256:29bc6bcda89044117f3b73a31c07976fa51f1f11b555680758329f024ac492e8",
                "sha256:3d2d812422b33f68ac14d56c2d88f322f089fe6abb388f8e23081da97aab9c34",
                "sha256:3ffd6e30fe2bc685877388af24c39a1bc9edb02e73712c6d77b413084854fab4",
                "sha256:5722dca52cbaa5d7c90ebd4b811bddcb13b6c32956170b10a0baf75c9c468ea6",
                "sha256:650e8827014971064a2661bdf1892e0315640b149a6bfcd48778a1912714c67d",
                "sha256:67160db1137223acd2166f541f96741043931cb11910953797df4f2ff6e1f55c",
                "sha256:6cae7431b55dd642d3d4a57086454ad386d059261825d94b5fa41506c90c723b",
                "sha256:6e0a4603cd9211eac13e1efa5bd6f25df49c3c4aebfa510172c21a928a621a12",
                "sha256:731c3b047696582c4a0fc150ba686eb697f80b282bffd6238fbe0b46c16dd09a",
                "sha256:82195b75393fe05933b04965084e5a9ea0191c90c739d63f3367cc02d52fc6fa",
                "sha256:9ca480502fa79adba559c658fb4042f043fe52bb9b6f92beafbb5f4c99f88375",
                "sha256:a5d77cf7137f8b8427dea5bd97130f36aff8d276cff3a705f4c4da1a870c9181",
                "sha256:c6ddf8befdb900f5cc831827cd4344837291340496f19f554fcb1c316d33874e",
                "sha256:c6e7cd14720a776a4fb708b455dd8a9284c870466e462ac586655a40a28f1ffe",
                "sha256:ca035c84143b89b24e3e068a1712eaa9cafbd3552937bf13303ccfeaac756925",
                "sha256:ca3433d11ece2c1996c59b260796cfbd9b54f770c55a7ed41113c58c67525fc4",
                "sha256:cc154181e7449acf95a8c96fa2a81454286a5ae320fde7465f98c9cb5170d792",
                "sha256:d1d3db7f525f142e6751c3386b809268d8ba1d97c1f2b4da351d2356880b3982",
                "sha256:dc2d4adcacc6928ef2a9996c7f4f598c8764b36aba0314faf2473976df3a2c1e",
                "sha256:dfcc5eee913affc152f976ac196bfe66d90d1d0d59d9680c1f5394bcef5e30b5",
                "sha256:e19804d79035f540625fe981345c9240af42b443f59e65c62a150a92285ff61c",
                "sha256:e8504e6a05642211a91c7049f521ff464f690dbf0610038cfe4a4068393291ce"
            ],
            "markers": "python_version >= '3.6'",
            "version": "==0.10.2"
        },
        "qiskit-ibmq-provider": {
            "hashes": [
                "sha256:3faf1a325947a80f7a5ce2f726a262199e3eea29d574f5038a560e02e0e20f48",
                "sha256:507b2a48816c7a266f14ff07dddf052b95c0c7b518702461ba83a50758c3e4e7"
            ],
            "markers": "python_version >= '3.6'",
            "version": "==0.18.3"
        },
        "qiskit-ignis": {
            "hashes": [
                "sha256:84095b3a0bda238002bcbd93fe4995179bb50a5fa04a2502a3df57f7f835c6f0",
                "sha256:c2351fe6c479b64c39d2786da3d0f15db122611cee039874a8979c7e583b72a5"
            ],
            "markers": "python_version >= '3.6'",
            "version": "==0.7.0"
        },
        "qiskit-terra": {
            "hashes": [
                "sha256:15ed5c5f2420804c0fd925fd4f0f216b736398c3ff6c26927e4d35ac6df3989e",
                "sha256:192262363ab061a891964d6ced8d6f1be298141efd31f2d702d7977bce7c2502",
                "sha256:1c7c22e5a5491e7ff3cefd6f839ca58d7aedbaf00aeb96db9de6fa60aea9fe57",
                "sha256:1cb02d7988f60a8e1bc9c199a98f7e195520388a80d6b598eec0d16857fae2aa",
                "sha256:2867d16e75feab9a55e246e29d3cfe63af3978f745d8b966f45275ecf98d7c79",
                "sha256:29bbe124b494bdfd8e516f308ac0edd6b43d83b74b4694618deb62c92798c69b",
                "sha256:305d61d7aa98bf481306b748ebbe4fea5499af24a255034c8f57fe99168fe076",
                "sha256:31454ef7c9d2d2fbacd45ed7c29cff69b6e7c4b293e52a6a5c21099ee4f43349",
                "sha256:3fa77c42993475590761a1b42311eafa5e748042133bb9d48bea38da70d79bad",
                "sha256:44bba90ebd2fb8ae44bca7432d120272ff3d898d87872133c7670c85bdc2f53f",
                "sha256:482f14be6d78a88d83c3af61a8d3bdd52af0f4919315d02d5161404036023279",
                "sha256:4fa53f2a32a2b87e009194bc075c20df4d80897e77b9fd1862501ba33f6efc74",
                "sha256:5a3a9c60c8eb4495428c875bfe0e771f30361f5760205a4fc530617acdd6f844",
                "sha256:6026423478f5cd32e281dc09324086a752316b15109f8b6107fa2f2a39233fd0",
                "sha256:670963a6e723282e239cc9e448a65cd26abaeeb3b24b3c69dae9bc7cae2d01f0",
                "sha256:7bf548e5844d96378f0b4b339675e20289381dca4c0357b2a5e88bfc8adc5c5f",
                "sha256:7ceb42c14026859ea5a954d48f7ebc16edb8e5ea948704571345baa525795b68",
                "sha256:8385f8fc5674535405c5f125a5f48e80a0a7f307ecdabbd5275c86c70880d817",
                "sha256:8dfc2210eb7d06014f3e5312750dea99348c133acc95ec72c0ace633d85334a8",
                "sha256:917c3bea9294b50e9b054775ee71ec77d0f13e5d2ddd5edc81c15c755213a30e",
                "sha256:9320a41a29a6ba100226789ddae4e15ce56f948992018dac160c988baf3bc4ad",
                "sha256:b095cd346838422189b9249e84fa3f1ab13220eaa04ad493bc74aa06ece19206",
                "sha256:b9219eb75a22eb0e90592cac3063b0d20e51282bc450c0965e0c8e8f1cd455b3",
                "sha256:d3b032cf3fb986a869b85618fb8c23be239aee28bc18d3dbbae0311a1fe72952",
                "sha256:e8676125a49ac179c72188f65e445025de11a40d721377e89f073c52fa34fead",
                "sha256:f9b71db5f8f5b1115e0bdf5a7c364beb1206b14a1947bb3196a540ed6d29a382"
            ],
            "markers": "python_version >= '3.6'",
            "version": "==0.19.1"
        },
        "requests": {
            "hashes": [
                "sha256:68d7c56fd5a8999887728ef304a6d12edc7be74f1cfa47714fc8b414525c9a61",
                "sha256:f22fa1e554c9ddfd16e6e41ac79759e17be9e492b3587efa038054674760e72d"
            ],
            "markers": "python_version >= '2.7' and python_version not in '3.0, 3.1, 3.2, 3.3, 3.4, 3.5'",
            "version": "==2.27.1"
        },
        "requests-ntlm": {
            "hashes": [
                "sha256:1eb43d1026b64d431a8e0f1e8a8c8119ac698e72e9b95102018214411a8463ea",
                "sha256:9189c92e8c61ae91402a64b972c4802b2457ce6a799d658256ebf084d5c7eb71"
            ],
            "version": "==1.1.0"
        },
        "retworkx": {
            "hashes": [
                "sha256:014f92e656d4495d5265daa70fa72ad8a012c81f92e363cc9d3c82ac7deef02d",
                "sha256:02eb69c81eecac6d870a557784146cfbf0694b6c17dc4be32e80d7204d965b95",
                "sha256:03c883dca99a69884c4d0a0e0b880ec4c1f772c29b1c081ddb2867b760c32637",
                "sha256:03d3967cc9c25c6fbee88aae99f867b1f51acedfcce7925df353f1a3ee8059f8",
                "sha256:05bb8c3371557e4761d974dbac9cdb3aa7435d989ebae16f12e4292db681c2cd",
                "sha256:118e50ecbed38531072af9cc8696cc2baf2d5b24e55a170e5ea9a7136fb2b7a5",
                "sha256:21f58c69fb68b2d9e1307a75dc239ccdca038a655127df5763e161b715e5ae71",
                "sha256:26b0574054bd0c83e6c7f50a60a5323bed876081f364a8ba20427fffb8d93a4f",
                "sha256:2db4df09f3bc421e34891b3c845aa3e307c633ae3967122b486cfd9b863b2c18",
                "sha256:39834f5f8335bdbeca78cbeb4b545f8e3f3f55817a659e8599dcba56a1f91251",
                "sha256:3d191d1a287bc24514089f7ea3151ca9b16fd70ad82af4afc68043a909228170",
                "sha256:3fca540e733c0b234f0506dc259a152f92e8f15f04fd37b1d7a6c890deaaed50",
                "sha256:474e4358c6c03a8740dd3bd54b4f4e29267879c870c040776cd91f794773cb86",
                "sha256:4b9a8f5f2c6ae01acfb8de82ae4733b2fd42d89dfa53153e5816df73c2098dd5",
                "sha256:4f3a2d157a8f7b2331339eca644742db2476c8c5af7846c3f22d994efcc505c2",
                "sha256:4f7d151b725b1dc471a73b87d8951019171acafcfe32f52a770a87661a249c8e",
                "sha256:5a31a1e2d23ee5b57a227a71360f5c76a618e7f081117530acacca1948cb0770",
                "sha256:5c9ed7c1bd7dbfbdce1a309501a5863716c2bc4f937647cba80d2c22248eabdb",
                "sha256:5e7af7a6149e244b891d5f5a96765e14e273afd17c7c6df14ae874ecadd0c99d",
                "sha256:64ad370bdca831608d18b93a738b8b3d8bc059b526bc1893e4a508c06c7e673e",
                "sha256:6eecc461f5226028011192d7421c1886121c7b6760191fe1d774d8e72d9961df",
                "sha256:804aa25af8898a2e0a4fbf2f94fb4d13cb7543722316a09cbed0e7c4f9b445d4",
                "sha256:83ee8fa88849a6305aec865bf09a9b638aa9b5a2e38f3b7e96327652133952ae",
                "sha256:8842fcbfecde45a4562aaa5ca61f7e4d3d60a84ffd63de3af8d1b436f7bc277d",
                "sha256:8a088709fb4734b3c4eda93d5177b778297be1edb5b2a5fc5a9d2e971aeb39e1",
                "sha256:97b0fd2c6cb29031b21e395b1c0ac5f43b4110fb78f1fa448c1c7079180c864a",
                "sha256:99f4ed97ab5342c0f10bdec440e6b0950c1483c1c9724d82a5601a31fb941f88",
                "sha256:9b1d0c76735cff05042684abcced2dc700cb96413635743a171d117e2761ba8a",
                "sha256:9be63746d964cf172b0f756f8727a2e5a12db6295a87891112497dd8152b44ff",
                "sha256:a199e0374036503db8c98e45e2476896fbcaf7f620f4f81206e0ee1b19a436c5",
                "sha256:a4c2a5ad3f8402493d41ad20ad91a03777ea214a3636c290272bbfaf36161161",
                "sha256:a63ca79ef0950fb8fbb31696eb24c8e40ac1a3acf75f542855f49ec09171a00a",
                "sha256:abee9263f2d7ff61076d9911d11dd40481e6df7c6711350afba20f08abed4e5d",
                "sha256:adbcd034bc7acd1aa67fd95186735ce37c318b6467c054267c53dd2e8d0a1614",
                "sha256:add52f65d8c85e337d1c0ce23891584c556faf5e5af12f6538e35b3fe823a23e",
                "sha256:b08484348add5eff6ddf48dc4c21aa6c085c4520287fbc11bbfdf6c44c33b387",
                "sha256:b8bf6d103a1068aeeea3b0e7ce362effb2766620a57d80c9bebbd0858db50d85",
                "sha256:ba4bbcba72200b86d93f034641e5928e3b308c8f315bc4a1732250b6e782da64",
                "sha256:c731cf468cdc9158505687124427b3f9ddc4a72ad7dfaefbe4e80bd126c792c7",
                "sha256:c818c6034da670686f4e5c0aa424175ae95744b11d2abced3c6f0a9c7e7ab9e2",
                "sha256:cea524a81c9a1c449fe7fa40e33465f00d2fbc29deb44bb8ce028ef16654452f",
                "sha256:d11fd9254bd9865a346717acb8e7c61766eb544617377939e990d09402970314",
                "sha256:e8fd11b17e1bc456fb5f5f4a79981c51d4059b408f166b8ae4abf0d2752e64d3",
                "sha256:f4537cd72e12be4c7ad74b790039fc58b2383c3ef8877f60b3ebcd715960d2cd",
                "sha256:f95c37a1a113f0042f0fae42af32c44bb6b460ec09595fbe82f8a11e1237257a",
                "sha256:fcd91d6a9eab5390b0f626d06587aa35220142c1238f919ce0d074545049c709",
                "sha256:ffdee65a449841c7a4432f75ec84754cd64cfaf1ab596d56e24cdfc6f0cc7644"
            ],
            "markers": "python_version >= '3.6'",
            "version": "==0.11.0"
        },
        "scipy": {
            "hashes": [
                "sha256:011d4386b53b933142f58a652aa0f149c9b9242abd4f900b9f4ea5fbafc86b89",
                "sha256:16e09ef68b352d73befa8bcaf3ebe25d3941fe1a58c82909d5589856e6bc8174",
                "sha256:31d4f2d6b724bc9a98e527b5849b8a7e589bf1ea630c33aa563eda912c9ff0bd",
                "sha256:38aa39b6724cb65271e469013aeb6f2ce66fd44f093e241c28a9c6bc64fd79ed",
                "sha256:3d573228c10a3a8c32b9037be982e6440e411b443a6267b067cac72f690b8d56",
                "sha256:3d9dd6c8b93a22bf9a3a52d1327aca7e092b1299fb3afc4f89e8eba381be7b59",
                "sha256:559a8a4c03a5ba9fe3232f39ed24f86457e4f3f6c0abbeae1fb945029f092720",
                "sha256:5e73343c5e0d413c1f937302b2e04fb07872f5843041bcfd50699aef6e95e399",
                "sha256:723b9f878095ed994756fa4ee3060c450e2db0139c5ba248ee3f9628bd64e735",
                "sha256:87b01c7d5761e8a266a0fbdb9d88dcba0910d63c1c671bdb4d99d29f469e9e03",
                "sha256:8f4d059a97b29c91afad46b1737274cb282357a305a80bdd9e8adf3b0ca6a3f0",
                "sha256:92b2c2af4183ed09afb595709a8ef5783b2baf7f41e26ece24e1329c109691a7",
                "sha256:937d28722f13302febde29847bbe554b89073fbb924a30475e5ed7b028898b5f",
                "sha256:a279e27c7f4566ef18bab1b1e2c37d168e365080974758d107e7d237d3f0f484",
                "sha256:ad5be4039147c808e64f99c0e8a9641eb5d2fa079ff5894dcd8240e94e347af4",
                "sha256:ae3e327da323d82e918e593460e23babdce40d7ab21490ddf9fc06dec6b91a18",
                "sha256:bb7088e89cd751acf66195d2f00cf009a1ea113f3019664032d9075b1e727b6c",
                "sha256:c17a1878d00a5dd2797ccd73623ceca9d02375328f6218ee6d921e1325e61aff",
                "sha256:c2bae431d127bf0b1da81fc24e4bba0a84d058e3a96b9dd6475dfcb3c5e8761e",
                "sha256:de2e80ee1d925984c2504812a310841c241791c5279352be4707cdcd7c255039",
                "sha256:e6f0cd9c0bd374ef834ee1e0f0999678d49dcc400ea6209113d81528958f97c7",
                "sha256:f3720d0124aced49f6f2198a6900304411dbbeed12f56951d7c66ebef05e3df6",
                "sha256:f4a6d3b9f9797eb2d43938ac2c5d96d02aed17ef170c8b38f11798717523ddba"
            ],
            "markers": "python_version < '3.11' and python_version >= '3.8'",
            "version": "==1.8.0"
        },
        "setuptools": {
            "hashes": [
                "sha256:2347b2b432c891a863acadca2da9ac101eae6169b1d3dfee2ec605ecd50dbfe5",
                "sha256:e4f30b9f84e5ab3decf945113119649fec09c1fc3507c6ebffec75646c56e62b"
            ],
            "markers": "python_version >= '3.7'",
            "version": "==60.9.3"
        },
        "six": {
            "hashes": [
                "sha256:1e61c37477a1626458e36f7b1d82aa5c9b094fa4802892072e49de9c60c4c926",
                "sha256:8abb2f1d86890a2dfb989f9a77cfcfd3e47c2a354b01111771326f8aa26e0254"
            ],
            "markers": "python_version >= '2.7' and python_version not in '3.0, 3.1, 3.2'",
            "version": "==1.16.0"
        },
        "stevedore": {
            "hashes": [
                "sha256:a547de73308fd7e90075bb4d301405bebf705292fa90a90fc3bcf9133f58616c",
                "sha256:f40253887d8712eaa2bb0ea3830374416736dc8ec0e22f5a65092c1174c44335"
            ],
            "markers": "python_version >= '3.6'",
            "version": "==3.5.0"
        },
        "symengine": {
            "hashes": [
                "sha256:0f1227805c8ea76804d0a672da8976851b7082c7afea76c8c835cf3d02bf25d9",
                "sha256:1f016dd582adf76f39896305cb3651af98eb46a3f8470510d3e3c5b78c36304e",
                "sha256:2426075180573d6520c64f79b5a367c5e8c4c6255f600056da3fe28504654527",
                "sha256:3d6b8243c27ae3eb02f018a5c2d3890b78c8ec8c16c661cb93e1102a065d3589",
                "sha256:3e69831f7e5e9beb8785beeb7b950d455084b226fbeafbe027d88474679019b5",
                "sha256:3f12abe264360c1dc96f4f655f3248fee025ece3a28d581e43534b9ea384ba75",
                "sha256:4262ff3d58a8d2cf865d446ab774e396617a74349ae317dbdaf153508e39b935",
                "sha256:428df3675bb14e2460d0503d6f728a69a7a4ae4704d145f2e1b07f7d255eed50",
                "sha256:4aa002b6f4b29e34cce9712ed227a46f4243907a96ff907fc843c9f5bd0b829d",
                "sha256:4b26b664583bb7b057960fd651da99d186775b60e7ab65949a5f6ef26e8d425e",
                "sha256:64adb181032f935cfedc28a475d8748f2e560c9338470c3ce269650af47ac842",
                "sha256:6e86deec6ce3624b9a5beb513ecb2454d172dd2f1ce70436e9b7bbe58246c34a",
                "sha256:6ee3fbe9b74422c16e773e62bc768c3bce0cc0439a97d3f61e9846d7e60a1604",
                "sha256:7bedc7cf0f7bcd581af525be278857f0ed90755285e88d5f90a901f7b58b089f",
                "sha256:7c58c5ed1e992bba2fe77116193a275bfde8970995b4743067a4c56d16103e5b",
                "sha256:7f9eb79fcd19959353468160b798cb0ce11cb13dcb955c5757cc90069ee060bf",
                "sha256:8a5ce974c90e9c65dac52afe8597e375eadf01d4675dd61d8a3c55521aa842c1",
                "sha256:8cc94ec6eeefe538b10a78b575186b8382bbeea455212d4e716b1dd1c7d313ac",
                "sha256:8ecd0ac6da619d35ddd80714b633b7ea9d6f428571bfb8a76d404f74222b50cf",
                "sha256:a0c9374666ef12f67d013c4b14fec92e315cf6579c8537c78f053a8bd3402b24",
                "sha256:a0d7833ce718a157f9f76df9d638860e88aad354b250285ab35d7105090e3342",
                "sha256:be60f210bbe274f4ddbd566a73f37f28ffa7d02fcd24382983c2e1834fde3d8a",
                "sha256:d2b18ff182eec514fbe8c025b417fe6a1243de61b66690fbe2a0f33626f018d6",
                "sha256:d487e144167d9b9ac1038db42fb728779731781d9a070773ade1b797e19f1dc2",
                "sha256:e102ccbb3a5dba7b20fb62877c14dcdbd5d03066c5e39514c765166fd7c6c7f3",
                "sha256:f7a0cad319398d075704ecd580f5d0bc2dd1782a347c31236e20670a54c37f19"
            ],
            "markers": "platform_machine == 'x86_64' or platform_machine == 'aarch64' or platform_machine == 'ppc64le' or platform_machine == 'amd64' or platform_machine == 'arm64'",
            "version": "==0.9.0"
        },
        "sympy": {
            "hashes": [
                "sha256:8bc5de4608b7aa4e7ffd1b25452ae87ccc5f6ca667c661aafb854a1ade337d0c",
                "sha256:c7a880e229df96759f955d4f3970d4cabce79f60f5b18830c08b90ce77cd5fdc"
            ],
            "markers": "python_version >= '3.6'",
            "version": "==1.9"
        },
        "tabulate": {
            "hashes": [
                "sha256:d7c013fe7abbc5e491394e10fa845f8f32fe54f8dc60c6622c6cf482d25d47e4",
                "sha256:eb1d13f25760052e8931f2ef80aaf6045a6cceb47514db8beab24cded16f13a7"
            ],
            "index": "pypi",
            "version": "==0.8.9"
        },
        "tweedledum": {
            "hashes": [
                "sha256:003d92abb1c49e824b8c05857ae745959981174a082dd8c5a66ab1f55855ced3",
                "sha256:099b1826f213bd4006dcd02526377b81134538fe1377e4cb70a07ba223ae958a",
                "sha256:09dbf20f792e97211270dfa2b3033ead0ce11fd65cc03781a542f36bccd7f1c1",
                "sha256:0bbe9a20d71576465051720eac72aa7f95fae39b4e4feea44f690e1ba856e99a",
                "sha256:0da0905cd6c08b99d772b2b97f15ccfa80758c49143c3eff131b9480eba6f3fd",
                "sha256:0fd7ca92719fcb6a2437a16fd0281809fc57acb8a86ebf41fd06fe8faca1e14d",
                "sha256:157392c983762e8a3f7ab523b0cfa4c78fbe83e28e0f1eee59e623636ddfe1ec",
                "sha256:1c73247309b6853b19906df594f7d0a8664bf3490ee2fb25621f617099525ffc",
                "sha256:3e243c2f70a4e4758cbdd45b31cdd72eb4816ace7029bdfe7e706cc37015f72e",
                "sha256:4385265171ee53d12d64429d65f0609f57a171d646a61366e3354eddc5c95778",
                "sha256:451a10c32c58bf4726ce03f6cce9a93fb5332e679b7dbf48ef69c6fa93493243",
                "sha256:4943f5d628f9adb95244b8bac79b7978f810bdaa5025e9930a625161a0d72dad",
                "sha256:52f60f04dcc6e6162c3ce9eb058bb6853cfdd7c8dfefb1f1b428e94d0633a7cc",
                "sha256:57201c605b1d9045c135e72c521cbe537d8da6d534daa76e349c27fc1177681c",
                "sha256:57687300cca24c2f8fb340d6fa2233450a054647c736dc84958aac4d235b8542",
                "sha256:58d6f7a988b10c31be3faa1faf3e58288ef7e8159584bfa6ded45742f390309f",
                "sha256:6b8fa90b5303a6534ef332019ccdbb93ba969993cd7b78395ab31cb4c48a718e",
                "sha256:6f8cbd4cb6933d867e28ff7efc6030eceb1e4caef5c1bed5dfe7d097f63e6c28",
                "sha256:80f99d7f9dee78f73796b9df2bc836c02f9bfc5a55eec65dda20899d96d09754",
                "sha256:828808a47c2c67a10e1cf8692ede0bcf2732e5ace8b910bdcb7a2c0bb82440d8",
                "sha256:86da69130494c972d751ab61fdb209d40f079b77d5b3b833e83f26cee3c1a2fc",
                "sha256:86fac8e040d1645cfb3d623d949523eb1d367c2eee51fd5843536955104fd1ed",
                "sha256:956f34ca2f6edaaafeaeef5f08db2abd54e4b5371a861ad68065d88b63d157b2",
                "sha256:98818ca8cae7a1d95ca05b219ffbcaf92a4fec200ff245e3ddf3ffc616977490",
                "sha256:9a3d4686fd1a8e8c86300e004acd73dd21e35a65f66625d784b2292280e46269",
                "sha256:9c305fe9365f449cc3ad379ecf823f1ba6b734cdec56a618fbef11c83a54cede",
                "sha256:a032f0b6f6143dccee115b14a72780bc5813ccc552f3b1e9d519cb41e2d3ee50",
                "sha256:a08c535ef2ebcb326d2388bb4430d52f630ce43386f8b21a42e761e9e30394c4",
                "sha256:a5d734fed09a479afc0ec8fa91764ac9411821c27396e1b7d4a64393e689271d",
                "sha256:a7dc0a9674e90808b26e24410bff7e5385d2b21ddf7068fc9c7d020ac46cefd8",
                "sha256:ab7a800d6266c98a30b0e8dc3e13cf49c8145012dfa199c9cc4d58d598a54218",
                "sha256:b563c8324bbf5ed9ed57399a1eca34d8a82cb146b3011154e3df749753b75fe5",
                "sha256:b6aeba18fad932e7dd7715758c97f5aaa287b2726cb4ca9eea7d769fcd607f90",
                "sha256:b6b2fb3d20e21dbe97e9776d0c0b33c0a3dab8e4ac03a5434e9bfd11c9b3a998",
                "sha256:be97848edb19473eb653c58515605a636da1dc4a4650e291f3f05824c9dac005",
                "sha256:cad30654036a36afee0fb879a9cc3f26b33655d8a833425704b6dbb6d4caddfb",
                "sha256:cd6cd64ccfc10db296f17e20713265bd91899774a34bcdf788c002c48514469e",
                "sha256:cdb3c526f86fcd3d2c8794d1a3d5836ece2cf6f6c9d8e1ee8036b30d24ce29b1",
                "sha256:d4bf1f03d11cdc02c32a7771fa23c7de136e7cfa2920f508b2b3bc93d8b29c50",
                "sha256:eae6a32207f3f8daf17806b90b2390e13f418b00a62384d029e13f215249df6b",
                "sha256:f0500f8088cf142bfc4dd07a81f3a344603755602dc5f51acde588a36e538ed5",
                "sha256:f4710519655c55c0b74b6c8abc39f24493f3a8a6c7854af362f4c7953d16036b",
                "sha256:fdee0b3b044db8e5d74001fbe25201e0db31be529d47785d2a70e22b7ff63f4a"
            ],
            "markers": "python_version >= '3.6'",
            "version": "==1.1.1"
        },
        "urllib3": {
            "hashes": [
                "sha256:000ca7f471a233c2251c6c7023ee85305721bfdf18621ebff4fd17a8653427ed",
                "sha256:0e7c33d9a63e7ddfcb86780aac87befc2fbddf46c58dbb487e0855f7ceec283c"
            ],
            "markers": "python_version >= '2.7' and python_version not in '3.0, 3.1, 3.2, 3.3, 3.4' and python_version < '4'",
            "version": "==1.26.8"
        },
        "websocket-client": {
            "hashes": [
                "sha256:1315816c0acc508997eb3ae03b9d3ff619c9d12d544c9a9b553704b1cc4f6af5",
                "sha256:2eed4cc58e4d65613ed6114af2f380f7910ff416fc8c46947f6e76b6815f56c0"
            ],
            "markers": "python_version >= '3.6'",
            "version": "==1.2.3"
        }
    },
    "develop": {
        "isort": {
            "hashes": [
                "sha256:6f62d78e2f89b4500b080fe3a81690850cd254227f27f75c3a0c491a1f351ba7",
                "sha256:e8443a5e7a020e9d7f97f1d7d9cd17c88bcb3bc7e218bf9cf5095fe550be2951"
            ],
            "index": "pypi",
            "version": "==5.10.1"
        }
    }
}
