{
    "_meta": {
        "hash": {
            "sha256": "1b13fbea66514ad7917a6c1d039d141dd283c22b5f854a3fa015a4f4a9593036"
        },
        "pipfile-spec": 6,
        "requires": {
            "python_version": "3.9"
        },
        "sources": [
            {
                "name": "pypi",
                "url": "https://pypi.org/simple",
                "verify_ssl": true
            }
        ]
    },
    "default": {
        "certifi": {
            "hashes": [
                "sha256:78884e7c1d4b00ce3cea67b44566851c4343c120abd683433ce934a68ea58872",
                "sha256:d62a0163eb4c2344ac042ab2bdf75399a71a2d8c7d47eac2e2ee91b9d6339569"
            ],
            "version": "==2021.10.8"
        },
        "cffi": {
            "hashes": [
                "sha256:00c878c90cb53ccfaae6b8bc18ad05d2036553e6d9d1d9dbcf323bbe83854ca3",
                "sha256:0104fb5ae2391d46a4cb082abdd5c69ea4eab79d8d44eaaf79f1b1fd806ee4c2",
                "sha256:06c48159c1abed75c2e721b1715c379fa3200c7784271b3c46df01383b593636",
                "sha256:0808014eb713677ec1292301ea4c81ad277b6cdf2fdd90fd540af98c0b101d20",
                "sha256:10dffb601ccfb65262a27233ac273d552ddc4d8ae1bf93b21c94b8511bffe728",
                "sha256:14cd121ea63ecdae71efa69c15c5543a4b5fbcd0bbe2aad864baca0063cecf27",
                "sha256:17771976e82e9f94976180f76468546834d22a7cc404b17c22df2a2c81db0c66",
                "sha256:181dee03b1170ff1969489acf1c26533710231c58f95534e3edac87fff06c443",
                "sha256:23cfe892bd5dd8941608f93348c0737e369e51c100d03718f108bf1add7bd6d0",
                "sha256:263cc3d821c4ab2213cbe8cd8b355a7f72a8324577dc865ef98487c1aeee2bc7",
                "sha256:2756c88cbb94231c7a147402476be2c4df2f6078099a6f4a480d239a8817ae39",
                "sha256:27c219baf94952ae9d50ec19651a687b826792055353d07648a5695413e0c605",
                "sha256:2a23af14f408d53d5e6cd4e3d9a24ff9e05906ad574822a10563efcef137979a",
                "sha256:31fb708d9d7c3f49a60f04cf5b119aeefe5644daba1cd2a0fe389b674fd1de37",
                "sha256:3415c89f9204ee60cd09b235810be700e993e343a408693e80ce7f6a40108029",
                "sha256:3773c4d81e6e818df2efbc7dd77325ca0dcb688116050fb2b3011218eda36139",
                "sha256:3b96a311ac60a3f6be21d2572e46ce67f09abcf4d09344c49274eb9e0bf345fc",
                "sha256:3f7d084648d77af029acb79a0ff49a0ad7e9d09057a9bf46596dac9514dc07df",
                "sha256:41d45de54cd277a7878919867c0f08b0cf817605e4eb94093e7516505d3c8d14",
                "sha256:4238e6dab5d6a8ba812de994bbb0a79bddbdf80994e4ce802b6f6f3142fcc880",
                "sha256:45db3a33139e9c8f7c09234b5784a5e33d31fd6907800b316decad50af323ff2",
                "sha256:45e8636704eacc432a206ac7345a5d3d2c62d95a507ec70d62f23cd91770482a",
                "sha256:4958391dbd6249d7ad855b9ca88fae690783a6be9e86df65865058ed81fc860e",
                "sha256:4a306fa632e8f0928956a41fa8e1d6243c71e7eb59ffbd165fc0b41e316b2474",
                "sha256:57e9ac9ccc3101fac9d6014fba037473e4358ef4e89f8e181f8951a2c0162024",
                "sha256:59888172256cac5629e60e72e86598027aca6bf01fa2465bdb676d37636573e8",
                "sha256:5e069f72d497312b24fcc02073d70cb989045d1c91cbd53979366077959933e0",
                "sha256:64d4ec9f448dfe041705426000cc13e34e6e5bb13736e9fd62e34a0b0c41566e",
                "sha256:6dc2737a3674b3e344847c8686cf29e500584ccad76204efea14f451d4cc669a",
                "sha256:74fdfdbfdc48d3f47148976f49fab3251e550a8720bebc99bf1483f5bfb5db3e",
                "sha256:75e4024375654472cc27e91cbe9eaa08567f7fbdf822638be2814ce059f58032",
                "sha256:786902fb9ba7433aae840e0ed609f45c7bcd4e225ebb9c753aa39725bb3e6ad6",
                "sha256:8b6c2ea03845c9f501ed1313e78de148cd3f6cad741a75d43a29b43da27f2e1e",
                "sha256:91d77d2a782be4274da750752bb1650a97bfd8f291022b379bb8e01c66b4e96b",
                "sha256:91ec59c33514b7c7559a6acda53bbfe1b283949c34fe7440bcf917f96ac0723e",
                "sha256:920f0d66a896c2d99f0adbb391f990a84091179542c205fa53ce5787aff87954",
                "sha256:a5263e363c27b653a90078143adb3d076c1a748ec9ecc78ea2fb916f9b861962",
                "sha256:abb9a20a72ac4e0fdb50dae135ba5e77880518e742077ced47eb1499e29a443c",
                "sha256:c2051981a968d7de9dd2d7b87bcb9c939c74a34626a6e2f8181455dd49ed69e4",
                "sha256:c21c9e3896c23007803a875460fb786118f0cdd4434359577ea25eb556e34c55",
                "sha256:c2502a1a03b6312837279c8c1bd3ebedf6c12c4228ddbad40912d671ccc8a962",
                "sha256:d4d692a89c5cf08a8557fdeb329b82e7bf609aadfaed6c0d79f5a449a3c7c023",
                "sha256:da5db4e883f1ce37f55c667e5c0de439df76ac4cb55964655906306918e7363c",
                "sha256:e7022a66d9b55e93e1a845d8c9eba2a1bebd4966cd8bfc25d9cd07d515b33fa6",
                "sha256:ef1f279350da2c586a69d32fc8733092fd32cc8ac95139a00377841f59a3f8d8",
                "sha256:f54a64f8b0c8ff0b64d18aa76675262e1700f3995182267998c31ae974fbc382",
                "sha256:f5c7150ad32ba43a07c4479f40241756145a1f03b43480e058cfd862bf5041c7",
                "sha256:f6f824dc3bce0edab5f427efcfb1d63ee75b6fcb7282900ccaf925be84efb0fc",
                "sha256:fd8a250edc26254fe5b33be00402e6d287f562b6a5b2152dec302fa15bb3e997",
                "sha256:ffaa5c925128e29efbde7301d8ecaf35c8c60ffbcd6a1ffd3a552177c8e5e796"
            ],
            "version": "==1.15.0"
        },
        "charset-normalizer": {
            "hashes": [
                "sha256:1eecaa09422db5be9e29d7fc65664e6c33bd06f9ced7838578ba40d58bdf3721",
                "sha256:b0b883e8e874edfdece9c28f314e3dd5badf067342e42fb162203335ae61aa2c"
            ],
            "markers": "python_version >= '3'",
            "version": "==2.0.9"
        },
        "cryptography": {
            "hashes": [
                "sha256:0a817b961b46894c5ca8a66b599c745b9a3d9f822725221f0e0fe49dc043a3a3",
                "sha256:2d87cdcb378d3cfed944dac30596da1968f88fb96d7fc34fdae30a99054b2e31",
                "sha256:30ee1eb3ebe1644d1c3f183d115a8c04e4e603ed6ce8e394ed39eea4a98469ac",
                "sha256:391432971a66cfaf94b21c24ab465a4cc3e8bf4a939c1ca5c3e3a6e0abebdbcf",
                "sha256:39bdf8e70eee6b1c7b289ec6e5d84d49a6bfa11f8b8646b5b3dfe41219153316",
                "sha256:4caa4b893d8fad33cf1964d3e51842cd78ba87401ab1d2e44556826df849a8ca",
                "sha256:53e5c1dc3d7a953de055d77bef2ff607ceef7a2aac0353b5d630ab67f7423638",
                "sha256:596f3cd67e1b950bc372c33f1a28a0692080625592ea6392987dba7f09f17a94",
                "sha256:5d59a9d55027a8b88fd9fd2826c4392bd487d74bf628bb9d39beecc62a644c12",
                "sha256:6c0c021f35b421ebf5976abf2daacc47e235f8b6082d3396a2fe3ccd537ab173",
                "sha256:73bc2d3f2444bcfeac67dd130ff2ea598ea5f20b40e36d19821b4df8c9c5037b",
                "sha256:74d6c7e80609c0f4c2434b97b80c7f8fdfaa072ca4baab7e239a15d6d70ed73a",
                "sha256:7be0eec337359c155df191d6ae00a5e8bbb63933883f4f5dffc439dac5348c3f",
                "sha256:94ae132f0e40fe48f310bba63f477f14a43116f05ddb69d6fa31e93f05848ae2",
                "sha256:bb5829d027ff82aa872d76158919045a7c1e91fbf241aec32cb07956e9ebd3c9",
                "sha256:ca238ceb7ba0bdf6ce88c1b74a87bffcee5afbfa1e41e173b1ceb095b39add46",
                "sha256:ca28641954f767f9822c24e927ad894d45d5a1e501767599647259cbf030b903",
                "sha256:e0344c14c9cb89e76eb6a060e67980c9e35b3f36691e15e1b7a9e58a0a6c6dc3",
                "sha256:ebc15b1c22e55c4d5566e3ca4db8689470a0ca2babef8e3a9ee057a8b82ce4b1",
                "sha256:ec63da4e7e4a5f924b90af42eddf20b698a70e58d86a72d943857c4c6045b3ee"
            ],
            "markers": "python_version >= '3.6'",
            "version": "==36.0.1"
        },
        "dill": {
            "hashes": [
                "sha256:7e40e4a70304fd9ceab3535d36e58791d9c4a776b38ec7f7ec9afc8d3dca4d4f",
                "sha256:9f9734205146b2b353ab3fec9af0070237b6ddae78452af83d2fca84d739e675"
            ],
            "markers": "python_version >= '2.7' and python_version != '3.0'",
            "version": "==0.3.4"
        },
        "idna": {
            "hashes": [
                "sha256:84d9dd047ffa80596e0f246e2eab0b391788b0503584e8945f2368256d2735ff",
                "sha256:9d643ff0a55b762d5cdb124b8eaa99c66322e2157b69160bc32796e824360e6d"
            ],
            "markers": "python_version >= '3'",
            "version": "==3.3"
        },
        "mpmath": {
            "hashes": [
                "sha256:604bc21bd22d2322a177c73bdb573994ef76e62edd595d17e00aff24b0667e5c",
                "sha256:79ffb45cf9f4b101a807595bcb3e72e0396202e0b1d25d689134b48c4216a81a"
            ],
            "version": "==1.2.1"
        },
        "ntlm-auth": {
            "hashes": [
                "sha256:c9667d361dc09f6b3750283d503c689070ff7d89f2f6ff0d38088d5436ff8543",
                "sha256:f1527c581dbf149349134fc2d789d50af2a400e193206956fa0ab456ccc5a8ba"
            ],
            "markers": "python_version >= '2.6' and python_version not in '3.0, 3.1, 3.2, 3.3'",
            "version": "==1.5.0"
        },
        "numpy": {
            "hashes": [
                "sha256:0cfe07133fd00b27edee5e6385e333e9eeb010607e8a46e1cd673f05f8596595",
                "sha256:11a1f3816ea82eed4178102c56281782690ab5993251fdfd75039aad4d20385f",
                "sha256:2762331de395739c91f1abb88041f94a080cb1143aeec791b3b223976228af3f",
                "sha256:283d9de87c0133ef98f93dfc09fad3fb382f2a15580de75c02b5bb36a5a159a5",
                "sha256:3d22662b4b10112c545c91a0741f2436f8ca979ab3d69d03d19322aa970f9695",
                "sha256:41388e32e40b41dd56eb37fcaa7488b2b47b0adf77c66154d6b89622c110dfe9",
                "sha256:42c16cec1c8cf2728f1d539bd55aaa9d6bb48a7de2f41eb944697293ef65a559",
                "sha256:47ee7a839f5885bc0c63a74aabb91f6f40d7d7b639253768c4199b37aede7982",
                "sha256:5a311ee4d983c487a0ab546708edbdd759393a3dc9cd30305170149fedd23c88",
                "sha256:5dc65644f75a4c2970f21394ad8bea1a844104f0fe01f278631be1c7eae27226",
                "sha256:6ed0d073a9c54ac40c41a9c2d53fcc3d4d4ed607670b9e7b0de1ba13b4cbfe6f",
                "sha256:76ba7c40e80f9dc815c5e896330700fd6e20814e69da9c1267d65a4d051080f1",
                "sha256:818b9be7900e8dc23e013a92779135623476f44a0de58b40c32a15368c01d471",
                "sha256:a024181d7aef0004d76fb3bce2a4c9f2e67a609a9e2a6ff2571d30e9976aa383",
                "sha256:a955e4128ac36797aaffd49ab44ec74a71c11d6938df83b1285492d277db5397",
                "sha256:a97a954a8c2f046d3817c2bce16e3c7e9a9c2afffaf0400f5c16df5172a67c9c",
                "sha256:a97e82c39d9856fe7d4f9b86d8a1e66eff99cf3a8b7ba48202f659703d27c46f",
                "sha256:b55b953a1bdb465f4dc181758570d321db4ac23005f90ffd2b434cc6609a63dd",
                "sha256:bb02929b0d6bfab4c48a79bd805bd7419114606947ec8284476167415171f55b",
                "sha256:bece0a4a49e60e472a6d1f70ac6cdea00f9ab80ff01132f96bd970cdd8a9e5a9",
                "sha256:e41e8951749c4b5c9a2dc5fdbc1a4eec6ab2a140fdae9b460b0f557eed870f4d",
                "sha256:f71d57cc8645f14816ae249407d309be250ad8de93ef61d9709b45a0ddf4050c"
            ],
            "markers": "python_version >= '3.8'",
            "version": "==1.22.0"
        },
        "pbr": {
            "hashes": [
                "sha256:176e8560eaf61e127817ef93d8a844803abb27a4d4637f0ff3bb783129be2e0a",
                "sha256:672d8ebee84921862110f23fcec2acea191ef58543d34dfe9ef3d9f13c31cddf"
            ],
            "markers": "python_version >= '2.6'",
            "version": "==5.8.0"
        },
        "ply": {
            "hashes": [
                "sha256:00c7c1aaa88358b9c765b6d3000c6eec0ba42abca5351b095321aef446081da3",
                "sha256:096f9b8350b65ebd2fd1346b12452efe5b9607f7482813ffca50c22722a807ce"
            ],
            "version": "==3.11"
        },
        "psutil": {
            "hashes": [
                "sha256:072664401ae6e7c1bfb878c65d7282d4b4391f1bc9a56d5e03b5a490403271b5",
                "sha256:1070a9b287846a21a5d572d6dddd369517510b68710fca56b0e9e02fd24bed9a",
                "sha256:1d7b433519b9a38192dfda962dd8f44446668c009833e1429a52424624f408b4",
                "sha256:3151a58f0fbd8942ba94f7c31c7e6b310d2989f4da74fcbf28b934374e9bf841",
                "sha256:3611e87eea393f779a35b192b46a164b1d01167c9d323dda9b1e527ea69d697d",
                "sha256:3d00a664e31921009a84367266b35ba0aac04a2a6cad09c550a89041034d19a0",
                "sha256:4e2fb92e3aeae3ec3b7b66c528981fd327fb93fd906a77215200404444ec1845",
                "sha256:539e429da49c5d27d5a58e3563886057f8fc3868a5547b4f1876d9c0f007bccf",
                "sha256:55ce319452e3d139e25d6c3f85a1acf12d1607ddedea5e35fb47a552c051161b",
                "sha256:58c7d923dc209225600aec73aa2c4ae8ea33b1ab31bc11ef8a5933b027476f07",
                "sha256:7336292a13a80eb93c21f36bde4328aa748a04b68c13d01dfddd67fc13fd0618",
                "sha256:742c34fff804f34f62659279ed5c5b723bb0195e9d7bd9907591de9f8f6558e2",
                "sha256:7641300de73e4909e5d148e90cc3142fb890079e1525a840cf0dfd39195239fd",
                "sha256:76cebf84aac1d6da5b63df11fe0d377b46b7b500d892284068bacccf12f20666",
                "sha256:7779be4025c540d1d65a2de3f30caeacc49ae7a2152108adeaf42c7534a115ce",
                "sha256:7d190ee2eaef7831163f254dc58f6d2e2a22e27382b936aab51c835fc080c3d3",
                "sha256:8293942e4ce0c5689821f65ce6522ce4786d02af57f13c0195b40e1edb1db61d",
                "sha256:869842dbd66bb80c3217158e629d6fceaecc3a3166d3d1faee515b05dd26ca25",
                "sha256:90a58b9fcae2dbfe4ba852b57bd4a1dded6b990a33d6428c7614b7d48eccb492",
                "sha256:9b51917c1af3fa35a3f2dabd7ba96a2a4f19df3dec911da73875e1edaf22a40b",
                "sha256:b2237f35c4bbae932ee98902a08050a27821f8f6dfa880a47195e5993af4702d",
                "sha256:c3400cae15bdb449d518545cbd5b649117de54e3596ded84aacabfbb3297ead2",
                "sha256:cb8d10461c1ceee0c25a64f2dd54872b70b89c26419e147a05a10b753ad36ec2",
                "sha256:df2c8bd48fb83a8408c8390b143c6a6fa10cb1a674ca664954de193fdcab36a9",
                "sha256:ea42d747c5f71b5ccaa6897b216a7dadb9f52c72a0fe2b872ef7d3e1eacf3ba3",
                "sha256:ef216cc9feb60634bda2f341a9559ac594e2eeaadd0ba187a4c2eb5b5d40b91c",
                "sha256:ff0d41f8b3e9ebb6b6110057e40019a432e96aae2008951121ba4e56040b84f3"
            ],
            "markers": "python_version >= '2.6' and python_version not in '3.0, 3.1, 3.2, 3.3'",
            "version": "==5.9.0"
        },
        "pycparser": {
            "hashes": [
                "sha256:8ee45429555515e1f6b185e78100aea234072576aa43ab53aefcae078162fca9",
                "sha256:e644fdec12f7872f86c58ff790da456218b10f863970249516d60a5eaca77206"
            ],
            "version": "==2.21"
        },
        "python-constraint": {
            "hashes": [
                "sha256:501d6f17afe0032dfc6ea6c0f8acc12e44f992733f00e8538961031ef27ccb8e"
            ],
            "version": "==1.4.0"
        },
        "python-dateutil": {
            "hashes": [
                "sha256:0123cacc1627ae19ddf3c27a5de5bd67ee4586fbdd6440d9748f8abb483d3e86",
                "sha256:961d03dc3453ebbc59dbdea9e4e11c5651520a876d0f4db161e8674aae935da9"
            ],
            "markers": "python_version >= '2.7' and python_version not in '3.0, 3.1, 3.2, 3.3'",
            "version": "==2.8.2"
        },
        "qiskit": {
            "hashes": [
                "sha256:1849fe7641477a63eb6244487d56604bf12bee433fdd2ed560395ed998352b4a"
            ],
            "index": "pypi",
            "version": "==0.34.0"
        },
        "qiskit-aer": {
            "hashes": [
                "sha256:09048d1b3106463d20f84940e2f0f7e01197d512c3795d64b24dc6e5e30d8089",
                "sha256:0d242cbba659b6204a3f2b57b351a4358e3f37b411b116aff21756ba2d02b696",
                "sha256:120462968935c9eb19be5b17434755058c9795ae8057167fe29a05bd1ca149bc",
                "sha256:1aa304dc5f6cd0d581443801d16a8a828f11d0235f4699bea19614214dad70eb",
                "sha256:263a9de59cb6fe592ece5c2c298eabde18ec0ae8a69cbd71ca6ea228c6621f6f",
                "sha256:36cf398f38ebaad6d8fe0b39219a77df8ef1724c59a1f35afff31413cbc07f3f",
                "sha256:7b26dbae57de0647941d6ad084b2055561df3a5920f39fff5ed06effa23f3cf3",
                "sha256:7e2c6ae4d38b1e3304eb88671751c2cb366e85133d2fb008495a172c8d5097c8",
                "sha256:8248bb464305bba73a9db085bd183e8e4eb1f8ab50eceb867c769ea9545fc7ac",
                "sha256:89c7c160274f0e550c7311d20eb2053c5cdcbceacc18d9065d85316bb815eb62",
                "sha256:9001462ac24e669ae876c0ac5f963d3d1d0437693b9964ce8e779e77c352ce3c",
                "sha256:93c6b4084b329f1459e57f137fc901c557ef12b1dd39fe971050dcf56a8a5a1a",
                "sha256:996c8ce5c8c6eb34eb24587ba458d5bd61fbb19ffb4522c921e723b393dfe044",
                "sha256:a551e1d47654a6b91e10bfbf42c1b9f7d8cf360522f55ffe0bd0582c3e855ced",
                "sha256:b7ef28f32aebc9350876938563005ec6ff2f061587a157285c46249f038e688d",
                "sha256:ba8847494605c3b478647027d1dc714ee2dde3aa0a5748500abd0edd1bb50db0",
                "sha256:bcc4c942e470b8ab845b31431aca3425f8fb23c3d7cc0e763a5c8bfff1a54eac",
                "sha256:cccd303f5469aa525c7385338dc15438be8458edbde26a1da71be6c031967338",
                "sha256:ce0a40ee26481636483cd8e2dd5cbdad9128535cc3dc55fa4afdb208f9b487b1",
                "sha256:d189a4afd3ec04ffb2f78e0e6b522ce43a9184b78d62485f04f9b79f084cf312",
                "sha256:dc205e8355e6c096ea05528a2e943fb84a3f50cb93b8037b1a600e8ff9774334",
                "sha256:ea3503823a6a751895bdfb3a8a944e10c93229f7e0b9878e47dc0c53956e19ac",
                "sha256:eb88dcd0545fe51ca481111ff1f313ecd014f668f9f23c02e7dba9473dd9042e",
                "sha256:ee7b7ba568313b6f3265edb0098d5dee50856a8bfce44c7eb9a042c1242c60f2",
                "sha256:faa241ad4d28c60cda9531a19dd416bb6954dc8cde02edbb85c44c48ed2346b4"
            ],
            "markers": "python_version >= '3.6'",
            "version": "==0.10.1"
        },
        "qiskit-ibmq-provider": {
            "hashes": [
                "sha256:3faf1a325947a80f7a5ce2f726a262199e3eea29d574f5038a560e02e0e20f48",
                "sha256:507b2a48816c7a266f14ff07dddf052b95c0c7b518702461ba83a50758c3e4e7"
            ],
            "markers": "python_version >= '3.6'",
            "version": "==0.18.3"
        },
        "qiskit-ignis": {
            "hashes": [
                "sha256:84095b3a0bda238002bcbd93fe4995179bb50a5fa04a2502a3df57f7f835c6f0",
                "sha256:c2351fe6c479b64c39d2786da3d0f15db122611cee039874a8979c7e583b72a5"
            ],
            "markers": "python_version >= '3.6'",
            "version": "==0.7.0"
        },
        "qiskit-terra": {
            "hashes": [
                "sha256:15ed5c5f2420804c0fd925fd4f0f216b736398c3ff6c26927e4d35ac6df3989e",
                "sha256:192262363ab061a891964d6ced8d6f1be298141efd31f2d702d7977bce7c2502",
                "sha256:1c7c22e5a5491e7ff3cefd6f839ca58d7aedbaf00aeb96db9de6fa60aea9fe57",
                "sha256:1cb02d7988f60a8e1bc9c199a98f7e195520388a80d6b598eec0d16857fae2aa",
                "sha256:2867d16e75feab9a55e246e29d3cfe63af3978f745d8b966f45275ecf98d7c79",
                "sha256:29bbe124b494bdfd8e516f308ac0edd6b43d83b74b4694618deb62c92798c69b",
                "sha256:305d61d7aa98bf481306b748ebbe4fea5499af24a255034c8f57fe99168fe076",
                "sha256:31454ef7c9d2d2fbacd45ed7c29cff69b6e7c4b293e52a6a5c21099ee4f43349",
                "sha256:3fa77c42993475590761a1b42311eafa5e748042133bb9d48bea38da70d79bad",
                "sha256:44bba90ebd2fb8ae44bca7432d120272ff3d898d87872133c7670c85bdc2f53f",
                "sha256:482f14be6d78a88d83c3af61a8d3bdd52af0f4919315d02d5161404036023279",
                "sha256:4fa53f2a32a2b87e009194bc075c20df4d80897e77b9fd1862501ba33f6efc74",
                "sha256:5a3a9c60c8eb4495428c875bfe0e771f30361f5760205a4fc530617acdd6f844",
                "sha256:6026423478f5cd32e281dc09324086a752316b15109f8b6107fa2f2a39233fd0",
                "sha256:670963a6e723282e239cc9e448a65cd26abaeeb3b24b3c69dae9bc7cae2d01f0",
                "sha256:7bf548e5844d96378f0b4b339675e20289381dca4c0357b2a5e88bfc8adc5c5f",
                "sha256:7ceb42c14026859ea5a954d48f7ebc16edb8e5ea948704571345baa525795b68",
                "sha256:8385f8fc5674535405c5f125a5f48e80a0a7f307ecdabbd5275c86c70880d817",
                "sha256:8dfc2210eb7d06014f3e5312750dea99348c133acc95ec72c0ace633d85334a8",
                "sha256:917c3bea9294b50e9b054775ee71ec77d0f13e5d2ddd5edc81c15c755213a30e",
                "sha256:9320a41a29a6ba100226789ddae4e15ce56f948992018dac160c988baf3bc4ad",
                "sha256:b095cd346838422189b9249e84fa3f1ab13220eaa04ad493bc74aa06ece19206",
                "sha256:b9219eb75a22eb0e90592cac3063b0d20e51282bc450c0965e0c8e8f1cd455b3",
                "sha256:d3b032cf3fb986a869b85618fb8c23be239aee28bc18d3dbbae0311a1fe72952",
                "sha256:e8676125a49ac179c72188f65e445025de11a40d721377e89f073c52fa34fead",
                "sha256:f9b71db5f8f5b1115e0bdf5a7c364beb1206b14a1947bb3196a540ed6d29a382"
            ],
            "markers": "python_version >= '3.6'",
            "version": "==0.19.1"
        },
        "requests": {
            "hashes": [
                "sha256:8e5643905bf20a308e25e4c1dd379117c09000bf8a82ebccc462cfb1b34a16b5",
                "sha256:f71a09d7feba4a6b64ffd8e9d9bc60f9bf7d7e19fd0e04362acb1cfc2e3d98df"
            ],
            "markers": "python_version >= '2.7' and python_version not in '3.0, 3.1, 3.2, 3.3, 3.4, 3.5'",
            "version": "==2.27.0"
        },
        "requests-ntlm": {
            "hashes": [
                "sha256:1eb43d1026b64d431a8e0f1e8a8c8119ac698e72e9b95102018214411a8463ea",
                "sha256:9189c92e8c61ae91402a64b972c4802b2457ce6a799d658256ebf084d5c7eb71"
            ],
            "version": "==1.1.0"
        },
        "retworkx": {
            "hashes": [
                "sha256:157e3192271507003fc04df502378b03667ed8e4ac2e887beee9046b2785ecef",
                "sha256:2244e220557dfb7483755225b0f5bf6aca3fed1abe4a3496e727cbbcf5b4ebe2",
                "sha256:328d36046ae71396be56a4c6b1cad3aee1a8ce65f6677f9948a52b5c4f4f3080",
                "sha256:32a06bd52fa6a835125cb038a1420f92fd870147a16430ef92a6a96fc3304a1c",
                "sha256:34963b73185bdb64c1d9b7bdf0f6b9a550ace2bba62b4e7499832d8fd0590447",
                "sha256:38bbee92336fdae92607703671c76ddeec5f10cb379ddfdad84e441c41ed1112",
                "sha256:42fa8a8326d1a9d4110827ce1889e7cb58bd30eab4033d62da4dc9347e9e3e48",
                "sha256:44ebbc31c0d059c97656f7534a9cd326c54690f08731051aeecc304030e7c1af",
                "sha256:4a82d673705bcf3d86c8fe22111e5d694e547e8bb20e577cec8498ed2022a9d2",
                "sha256:576a4c4c97fd89e39182f1eeab3678d7f797a5b93ca3cd5926c402d2ce5ee48e",
                "sha256:59724ed10d7a6506bd312a40bb8941d99769c2eb71d8418011ebf546a0db8e46",
                "sha256:5a3be64a936f5f1b5a57bcfaff5bb84d169530d332002b21959907cbe5066e16",
                "sha256:639ddc8c05ed2861433007468ff5740c338e9f9f81443e6de1f59404b781c36b",
                "sha256:6433dd72874ff2b1ae53c3b7f042026fe2e750c152f9cc24b805541f917a654a",
                "sha256:7658a46d6ce2528b2515ce7a48503f20d7581a720ce7ff35b98351eeb60c3d5e",
                "sha256:7782f12c606a34baceb657c325c10ae18073ea4148ce39f49bb00ccc525a7a86",
                "sha256:79dd22fc158683ae888c3644eddf584c96e0e8f415d95f47f8315ed686594b0e",
                "sha256:79e8a2abac79394fc2fd86226a5f44cbda5048f0e5e0a04bf42744d10524388e",
                "sha256:7ecea097762ae511be7da2f529f3a9885e9af0e357d41ba92f890a4a29ed722f",
                "sha256:808c0e7e2a57472a165821159c556c12ba54f4861aa80bfedd36fc0ab0ac01fd",
                "sha256:82394cbfb5c9e8a548c1dca9d124a64c88de907526dc8e327de1519303dfcc61",
                "sha256:83ca1b8e3f3ce9e221933c61509c5d3175f839c2d3566a7b8f33574f4aaa80be",
                "sha256:9022ade2a5706a8a5ad158452b29c9f3b2f36f0143d93376b98bd980a9b08ead",
                "sha256:9bd920b7c6e21cf8c2bb4233e14b47ae640198cfa99c66e3015a2b30729566a5",
                "sha256:9f1d8e162779650592c7342d5bbd5b89a988b4cc6a2c8f5ee51aa5e3386d4613",
                "sha256:aa06e4cdb31e64271fb3a3e94693e5f21f1a3f23a46a95ec43e8c85b864d6657",
                "sha256:af6dc486157ce3e09141b2a1e3c915446d4aa5df320a585c61b3e8bc720b3de8",
                "sha256:b608c9c37af4f6677432780247433334ee775e0484ef2b9b3c1a9777af0b22ec",
                "sha256:ba81cb527de7ff338575905bb6fcbebdf2ab18ae800169a77ab863f855bf0951",
                "sha256:bbf7c771b4d2ea1d99458cc4c92e73015a7fe45b1182e1f1eaf8bcd3d1de0a04",
                "sha256:c04342bbd3b6824fd02db181db6eb7e4e4862ec0656200bda06423e2ef74fbdb",
                "sha256:c784e9ad688af36f3fda685aa86f605b39811518671c910e5f561e2de3084ccb",
                "sha256:e77eb91465c08b0e15ab74d71769872012ff4ed4a828c60c13300953b87d3b30",
                "sha256:e98c3f18423e3a0fbc64a52dcd0fdef518c634eeb0d08938bb0b26672f789853",
                "sha256:f16d45ddce80872f9d1b6004a7829b8dd91382f6bd014f4b6a04fb303518a94c",
                "sha256:fb7e3457c4c4081697a1a6ab5a0cec79cc23ed65c8d79a8d00865c450f65c38e",
                "sha256:fc0532d27119249f374294e9e464a636f3d908429ad06539a27e885ce32031e0"
            ],
            "markers": "python_version >= '3.6'",
            "version": "==0.10.2"
        },
        "scipy": {
            "hashes": [
                "sha256:033ce76ed4e9f62923e1f8124f7e2b0800db533828c853b402c7eec6e9465d80",
                "sha256:173308efba2270dcd61cd45a30dfded6ec0085b4b6eb33b5eb11ab443005e088",
                "sha256:21b66200cf44b1c3e86495e3a436fc7a26608f92b8d43d344457c54f1c024cbc",
                "sha256:2c56b820d304dffcadbbb6cbfbc2e2c79ee46ea291db17e288e73cd3c64fefa9",
                "sha256:304dfaa7146cffdb75fbf6bb7c190fd7688795389ad060b970269c8576d038e9",
                "sha256:3f78181a153fa21c018d346f595edd648344751d7f03ab94b398be2ad083ed3e",
                "sha256:4d242d13206ca4302d83d8a6388c9dfce49fc48fdd3c20efad89ba12f785bf9e",
                "sha256:5d1cc2c19afe3b5a546ede7e6a44ce1ff52e443d12b231823268019f608b9b12",
                "sha256:5f2cfc359379c56b3a41b17ebd024109b2049f878badc1e454f31418c3a18436",
                "sha256:65bd52bf55f9a1071398557394203d881384d27b9c2cad7df9a027170aeaef93",
                "sha256:7edd9a311299a61e9919ea4192dd477395b50c014cdc1a1ac572d7c27e2207fa",
                "sha256:8499d9dd1459dc0d0fe68db0832c3d5fc1361ae8e13d05e6849b358dc3f2c279",
                "sha256:866ada14a95b083dd727a845a764cf95dd13ba3dc69a16b99038001b05439709",
                "sha256:87069cf875f0262a6e3187ab0f419f5b4280d3dcf4811ef9613c605f6e4dca95",
                "sha256:93378f3d14fff07572392ce6a6a2ceb3a1f237733bd6dcb9eb6a2b29b0d19085",
                "sha256:95c2d250074cfa76715d58830579c64dff7354484b284c2b8b87e5a38321672c",
                "sha256:ab5875facfdef77e0a47d5fd39ea178b58e60e454a4c85aa1e52fcb80db7babf",
                "sha256:b0e0aeb061a1d7dcd2ed59ea57ee56c9b23dd60100825f98238c06ee5cc4467e",
                "sha256:b78a35c5c74d336f42f44106174b9851c783184a85a3fe3e68857259b37b9ffb",
                "sha256:c9e04d7e9b03a8a6ac2045f7c5ef741be86727d8f49c45db45f244bdd2bcff17",
                "sha256:ca36e7d9430f7481fc7d11e015ae16fbd5575615a8e9060538104778be84addf",
                "sha256:ceebc3c4f6a109777c0053dfa0282fddb8893eddfb0d598574acfb734a926168",
                "sha256:e2c036492e673aad1b7b0d0ccdc0cb30a968353d2c4bf92ac8e73509e1bf212c",
                "sha256:eb326658f9b73c07081300daba90a8746543b5ea177184daed26528273157294",
                "sha256:eb7ae2c4dbdb3c9247e07acc532f91077ae6dbc40ad5bd5dca0bb5a176ee9bda",
                "sha256:edad1cf5b2ce1912c4d8ddad20e11d333165552aba262c882e28c78bbc09dbf6",
                "sha256:eef93a446114ac0193a7b714ce67659db80caf940f3232bad63f4c7a81bc18df",
                "sha256:f7eaea089345a35130bc9a39b89ec1ff69c208efa97b3f8b25ea5d4c41d88094",
                "sha256:f99d206db1f1ae735a8192ab93bd6028f3a42f6fa08467d37a14eb96c9dd34a3"
            ],
            "markers": "python_version < '3.11' and python_version >= '3.7'",
            "version": "==1.7.3"
        },
        "setuptools": {
            "hashes": [
                "sha256:5c89b1a14a67ac5f0956f1cb0aeb7d1d3f4c8ba4e4e1ab7bf1af4933f9a2f0fe",
                "sha256:675fcebecb43c32eb930481abf907619137547f4336206e4d673180242e1a278"
            ],
            "markers": "python_version >= '3.7'",
            "version": "==60.2.0"
        },
        "six": {
            "hashes": [
                "sha256:1e61c37477a1626458e36f7b1d82aa5c9b094fa4802892072e49de9c60c4c926",
                "sha256:8abb2f1d86890a2dfb989f9a77cfcfd3e47c2a354b01111771326f8aa26e0254"
            ],
            "markers": "python_version >= '2.7' and python_version not in '3.0, 3.1, 3.2, 3.3'",
            "version": "==1.16.0"
        },
        "stevedore": {
            "hashes": [
                "sha256:a547de73308fd7e90075bb4d301405bebf705292fa90a90fc3bcf9133f58616c",
                "sha256:f40253887d8712eaa2bb0ea3830374416736dc8ec0e22f5a65092c1174c44335"
            ],
            "markers": "python_version >= '3.6'",
            "version": "==3.5.0"
        },
        "symengine": {
            "hashes": [
                "sha256:12ed43c1287a8f620881ca696d567bf2df0eeb447cb25426d80c34d12a592d4e",
                "sha256:247e7488abe84dea98eecf8090d330d26526c5a65f481eb451769b4b53d794d6",
                "sha256:2fa3493b2bea646520e4bc4531aa7e860b104aefece927167c476c827aaf3654",
                "sha256:42ddbe84fb80aad3ebe7c8ef24749f7bcac2a9f067cf4733872a4be714810864",
                "sha256:44ccd914bf29aae4b84d89cd0bd3127002f9506e0e4fd1800500cf9507e01a11",
                "sha256:503c4769d9a6fcfe3b7be7c17b5bbb995c3f3727dc52e563728598f345aab326",
                "sha256:50ee5950cd7dfaa0c59bb9b46499900c5acdc09af8bba1a0be3b31c2640e3785",
                "sha256:53123b94e93d7b9a97fa9ec17d76ca16bfe7d0ad174cf40e41101927049d59aa",
                "sha256:56ba2902b72786e09ceb67dba78f52e4ff6607fface6f763772da2e25333898d",
                "sha256:5f8f45718a09f6cdda38dd950ddea1638985af53a8fd2cea25bcc0b7d0772be8",
                "sha256:602997991b314ea5a13d0ddf9703b8b74c805f02721b735c3082841cc975da7b",
                "sha256:6bfd85b116a6673219861432d655c0e8dd5efb26ff5f071ae2b421704785d07c",
                "sha256:77cdf00254eb1435a0e7af5f4b6fe64d52bd5cb9bd3131dc03f00d8922de098e",
                "sha256:84482ca9b4432de61a45fce6f6d19241f4c1e450484fdbe6a8a6a1f885d32e60",
                "sha256:88a3ef60d7bdbef5b7ec7673ec2eeafe2f3fac98eacd62a11e22f82fbd7a3fbb",
                "sha256:9483dd5351644efb898a01ac77b94e6c7b78e2a4c7abadf58a4cb5cb1e005aa1",
                "sha256:a2fb3aca761b53eac25b453b8a5d8e9bf6ca76208eb3e7a64c96db70b907d550",
                "sha256:a6682fb1c16a6ca0e35d45bc91f3afb850fb8feb7febeca0108f3908269342c1",
                "sha256:ab0e2cc85944ce749e87b12fbd090af2347ef202b107c3ff31e46cd3cf2bad9a",
                "sha256:b40a1237d8d533d543c6b9d920967d6286aa1f0cc9f5eeb3b4ea4baae4323136",
                "sha256:b5ceb060a6b0bf5211c94aeed1525bbebec1f22b846931efeb9d84474ee22bc9",
                "sha256:b651e7d1a1dfdea55acc5d5473e0f1a815fd417a66d232226e1fc26262496c4c",
                "sha256:c1106e98ed524e5d3213baa0d6b23dde8e3230bb32bafcf55f14956d44775edd",
                "sha256:c81c023f6db8045b827db9bc3b7faf36369ef148d4af501d88af28ed6b2ea69f",
                "sha256:d0880ff7f447d1b994f05fa9e4aab7823c1cf4b02ebc06c4179387fc96970ad0",
                "sha256:d8e01478ed7a869f1a92d866858228af31087b0da51d1487d5ac91e779e1ba85",
                "sha256:dc0d9e5d92ceef51eba1f1c1e784c7a7505d02367e05087f84cfe9ef7d79ed9d",
                "sha256:e0a0224e4e9d646be63387d53645e7060068304e5d7927fe97d668e7709e4ded",
                "sha256:ee66108b5c7a8befa81ffb958c06b6485c902e5b984cd01bfc99c52449f3914c",
                "sha256:f9ec79e4a6b1955ee593b22218496d7b36ac1d7be23c93b56617237cfa308f11",
                "sha256:ff10cf7ab44470f8ce8024c650bbf322a9a89d5b53dcf97cd68a3bcf41e5052f"
            ],
            "markers": "platform_machine == 'x86_64' or platform_machine == 'aarch64' or platform_machine == 'ppc64le' or platform_machine == 'amd64' or platform_machine == 'arm64'",
            "version": "==0.8.1"
        },
        "sympy": {
            "hashes": [
                "sha256:8bc5de4608b7aa4e7ffd1b25452ae87ccc5f6ca667c661aafb854a1ade337d0c",
                "sha256:c7a880e229df96759f955d4f3970d4cabce79f60f5b18830c08b90ce77cd5fdc"
            ],
            "markers": "python_version >= '3.6'",
            "version": "==1.9"
        },
        "tabulate": {
            "hashes": [
                "sha256:d7c013fe7abbc5e491394e10fa845f8f32fe54f8dc60c6622c6cf482d25d47e4",
                "sha256:eb1d13f25760052e8931f2ef80aaf6045a6cceb47514db8beab24cded16f13a7"
            ],
            "index": "pypi",
            "version": "==0.8.9"
        },
        "tweedledum": {
            "hashes": [
                "sha256:003d92abb1c49e824b8c05857ae745959981174a082dd8c5a66ab1f55855ced3",
                "sha256:099b1826f213bd4006dcd02526377b81134538fe1377e4cb70a07ba223ae958a",
                "sha256:09dbf20f792e97211270dfa2b3033ead0ce11fd65cc03781a542f36bccd7f1c1",
                "sha256:0bbe9a20d71576465051720eac72aa7f95fae39b4e4feea44f690e1ba856e99a",
                "sha256:0da0905cd6c08b99d772b2b97f15ccfa80758c49143c3eff131b9480eba6f3fd",
                "sha256:0fd7ca92719fcb6a2437a16fd0281809fc57acb8a86ebf41fd06fe8faca1e14d",
                "sha256:157392c983762e8a3f7ab523b0cfa4c78fbe83e28e0f1eee59e623636ddfe1ec",
                "sha256:1c73247309b6853b19906df594f7d0a8664bf3490ee2fb25621f617099525ffc",
                "sha256:3e243c2f70a4e4758cbdd45b31cdd72eb4816ace7029bdfe7e706cc37015f72e",
                "sha256:4385265171ee53d12d64429d65f0609f57a171d646a61366e3354eddc5c95778",
                "sha256:451a10c32c58bf4726ce03f6cce9a93fb5332e679b7dbf48ef69c6fa93493243",
                "sha256:4943f5d628f9adb95244b8bac79b7978f810bdaa5025e9930a625161a0d72dad",
                "sha256:52f60f04dcc6e6162c3ce9eb058bb6853cfdd7c8dfefb1f1b428e94d0633a7cc",
                "sha256:57201c605b1d9045c135e72c521cbe537d8da6d534daa76e349c27fc1177681c",
                "sha256:57687300cca24c2f8fb340d6fa2233450a054647c736dc84958aac4d235b8542",
                "sha256:58d6f7a988b10c31be3faa1faf3e58288ef7e8159584bfa6ded45742f390309f",
                "sha256:6b8fa90b5303a6534ef332019ccdbb93ba969993cd7b78395ab31cb4c48a718e",
                "sha256:6f8cbd4cb6933d867e28ff7efc6030eceb1e4caef5c1bed5dfe7d097f63e6c28",
                "sha256:80f99d7f9dee78f73796b9df2bc836c02f9bfc5a55eec65dda20899d96d09754",
                "sha256:828808a47c2c67a10e1cf8692ede0bcf2732e5ace8b910bdcb7a2c0bb82440d8",
                "sha256:86da69130494c972d751ab61fdb209d40f079b77d5b3b833e83f26cee3c1a2fc",
                "sha256:86fac8e040d1645cfb3d623d949523eb1d367c2eee51fd5843536955104fd1ed",
                "sha256:956f34ca2f6edaaafeaeef5f08db2abd54e4b5371a861ad68065d88b63d157b2",
                "sha256:98818ca8cae7a1d95ca05b219ffbcaf92a4fec200ff245e3ddf3ffc616977490",
                "sha256:9a3d4686fd1a8e8c86300e004acd73dd21e35a65f66625d784b2292280e46269",
                "sha256:9c305fe9365f449cc3ad379ecf823f1ba6b734cdec56a618fbef11c83a54cede",
                "sha256:a032f0b6f6143dccee115b14a72780bc5813ccc552f3b1e9d519cb41e2d3ee50",
                "sha256:a08c535ef2ebcb326d2388bb4430d52f630ce43386f8b21a42e761e9e30394c4",
                "sha256:a5d734fed09a479afc0ec8fa91764ac9411821c27396e1b7d4a64393e689271d",
                "sha256:a7dc0a9674e90808b26e24410bff7e5385d2b21ddf7068fc9c7d020ac46cefd8",
                "sha256:ab7a800d6266c98a30b0e8dc3e13cf49c8145012dfa199c9cc4d58d598a54218",
                "sha256:b563c8324bbf5ed9ed57399a1eca34d8a82cb146b3011154e3df749753b75fe5",
                "sha256:b6aeba18fad932e7dd7715758c97f5aaa287b2726cb4ca9eea7d769fcd607f90",
                "sha256:b6b2fb3d20e21dbe97e9776d0c0b33c0a3dab8e4ac03a5434e9bfd11c9b3a998",
                "sha256:be97848edb19473eb653c58515605a636da1dc4a4650e291f3f05824c9dac005",
                "sha256:cad30654036a36afee0fb879a9cc3f26b33655d8a833425704b6dbb6d4caddfb",
                "sha256:cd6cd64ccfc10db296f17e20713265bd91899774a34bcdf788c002c48514469e",
                "sha256:cdb3c526f86fcd3d2c8794d1a3d5836ece2cf6f6c9d8e1ee8036b30d24ce29b1",
                "sha256:d4bf1f03d11cdc02c32a7771fa23c7de136e7cfa2920f508b2b3bc93d8b29c50",
                "sha256:eae6a32207f3f8daf17806b90b2390e13f418b00a62384d029e13f215249df6b",
                "sha256:f0500f8088cf142bfc4dd07a81f3a344603755602dc5f51acde588a36e538ed5",
                "sha256:f4710519655c55c0b74b6c8abc39f24493f3a8a6c7854af362f4c7953d16036b",
                "sha256:fdee0b3b044db8e5d74001fbe25201e0db31be529d47785d2a70e22b7ff63f4a"
            ],
            "markers": "python_version >= '3.6'",
            "version": "==1.1.1"
        },
        "urllib3": {
            "hashes": [
                "sha256:4987c65554f7a2dbf30c18fd48778ef124af6fab771a377103da0585e2336ece",
                "sha256:c4fdf4019605b6e5423637e01bc9fe4daef873709a7973e195ceba0a62bbc844"
            ],
            "markers": "python_version >= '2.7' and python_version not in '3.0, 3.1, 3.2, 3.3, 3.4' and python_version < '4'",
            "version": "==1.26.7"
        },
        "websocket-client": {
            "hashes": [
                "sha256:1315816c0acc508997eb3ae03b9d3ff619c9d12d544c9a9b553704b1cc4f6af5",
                "sha256:2eed4cc58e4d65613ed6114af2f380f7910ff416fc8c46947f6e76b6815f56c0"
            ],
            "markers": "python_version >= '3.6'",
            "version": "==1.2.3"
        }
    },
    "develop": {}
}
